
Microsoft Visual Studio Solution File, Format Version 12.00
# Visual Studio Version 17
VisualStudioVersion = 17.8.34511.84
MinimumVisualStudioVersion = 10.0.40219.1
Project("{FAE04EC0-301F-11D3-BF4B-00C04F79EFBC}") = "POSPrinterManager", "POSPrinterManager\POSPrinterManager.csproj", "{C71F0102-6D3B-49C0-8AAA-C465ADDA62C8}"
EndProject
Global
	GlobalSection(SolutionConfigurationPlatforms) = preSolution
		Debug|Any CPU = Debug|Any CPU
		Release|Any CPU = Release|Any CPU
	EndGlobalSection
	GlobalSection(ProjectConfigurationPlatforms) = postSolution
		{C71F0102-6D3B-49C0-8AAA-C465ADDA62C8}.Debug|Any CPU.ActiveCfg = Debug|Any CPU
		{C71F0102-6D3B-49C0-8AAA-C465ADDA62C8}.Debug|Any CPU.Build.0 = Debug|Any CPU
		{C71F0102-6D3B-49C0-8AAA-C465ADDA62C8}.Release|Any CPU.ActiveCfg = Release|Any CPU
		{C71F0102-6D3B-49C0-8AAA-C465ADDA62C8}.Release|Any CPU.Build.0 = Release|Any CPU
	EndGlobalSection
	GlobalSection(SolutionProperties) = preSolution
		HideSolutionNode = FALSE
	EndGlobalSection
	GlobalSection(ExtensibilityGlobals) = postSolution
		SolutionGuid = {EDA88380-D192-4C26-90F6-2D24A90D60BA}
	EndGlobalSection
EndGlobal
